// !$*UTF8*$!
{
	archiveVersion = 1;
	classes = {
	};
	objectVersion = 46;
	objects = {

/* Begin PBXBuildFile section */
		EE5C1BE61E7BE8CE00598618 /* AppDelegate.swift in Sources */ = {isa = PBXBuildFile; fileRef = EE5C1BE51E7BE8CE00598618 /* AppDelegate.swift */; };
		EE5C1BE81E7BE8CE00598618 /* ViewController.swift in Sources */ = {isa = PBXBuildFile; fileRef = EE5C1BE71E7BE8CE00598618 /* ViewController.swift */; };
		EE5C1BEB1E7BE8CE00598618 /* Main.storyboard in Resources */ = {isa = PBXBuildFile; fileRef = EE5C1BE91E7BE8CE00598618 /* Main.storyboard */; };
		EE5C1BED1E7BE8CE00598618 /* Assets.xcassets in Resources */ = {isa = PBXBuildFile; fileRef = EE5C1BEC1E7BE8CE00598618 /* Assets.xcassets */; };
		EE5C1BF01E7BE8CE00598618 /* LaunchScreen.storyboard in Resources */ = {isa = PBXBuildFile; fileRef = EE5C1BEE1E7BE8CE00598618 /* LaunchScreen.storyboard */; };
/* End PBXBuildFile section */

/* Begin PBXFileReference section */
		EE5C1BE21E7BE8CE00598618 /* WeiboProfile.app */ = {isa = PBXFileReference; explicitFileType = wrapper.application; includeInIndex = 0; path = WeiboProfile.app; sourceTree = BUILT_PRODUCTS_DIR; };
		EE5C1BE51E7BE8CE00598618 /* AppDelegate.swift */ = {isa = PBXFileReference; lastKnownFileType = sourcecode.swift; path = AppDelegate.swift; sourceTree = "<group>"; };
		EE5C1BE71E7BE8CE00598618 /* ViewController.swift */ = {isa = PBXFileReference; lastKnownFileType = sourcecode.swift; path = ViewController.swift; sourceTree = "<group>"; };
		EE5C1BEA1E7BE8CE00598618 /* Base */ = {isa = PBXFileReference; lastKnownFileType = file.storyboard; name = Base; path = Base.lproj/Main.storyboard; sourceTree = "<group>"; };
		EE5C1BEC1E7BE8CE00598618 /* Assets.xcassets */ = {isa = PBXFileReference; lastKnownFileType = folder.assetcatalog; path = Assets.xcassets; sourceTree = "<group>"; };
		EE5C1BEF1E7BE8CE00598618 /* Base */ = {isa = PBXFileReference; lastKnownFileType = file.storyboard; name = Base; path = Base.lproj/LaunchScreen.storyboard; sourceTree = "<group>"; };
		EE5C1BF11E7BE8CE00598618 /* Info.plist */ = {isa = PBXFileReference; lastKnownFileType = text.plist.xml; path = Info.plist; sourceTree = "<group>"; };
/* End PBXFileReference section */

/* Begin PBXFrameworksBuildPhase section */
		EE5C1BDF1E7BE8CE00598618 /* Frameworks */ = {
			isa = PBXFrameworksBuildPhase;
			buildActionMask = 2147483647;
			files = (
			);
			runOnlyForDeploymentPostprocessing = 0;
		};
/* End PBXFrameworksBuildPhase section */

/* Begin PBXGroup section */
		EE5C1BD91E7BE8CE00598618 = {
			isa = PBXGroup;
			children = (
				EE5C1BE41E7BE8CE00598618 /* WeiboProfile */,
				EE5C1BE31E7BE8CE00598618 /* Products */,
			);
			sourceTree = "<group>";
		};
		EE5C1BE31E7BE8CE00598618 /* Products */ = {
			isa = PBXGroup;
			children = (
				EE5C1BE21E7BE8CE00598618 /* WeiboProfile.app */,
			);
			name = Products;
			sourceTree = "<group>";
		};
		EE5C1BE41E7BE8CE00598618 /* WeiboProfile */ = {
			isa = PBXGroup;
			children = (
				EE5C1BE51E7BE8CE00598618 /* AppDelegate.swift */,
				EE5C1BE71E7BE8CE00598618 /* ViewController.swift */,
				EE5C1BE91E7BE8CE00598618 /* Main.storyboard */,
				EE5C1BEC1E7BE8CE00598618 /* Assets.xcassets */,
				EE5C1BEE1E7BE8CE00598618 /* LaunchScreen.storyboard */,
				EE5C1BF11E7BE8CE00598618 /* Info.plist */,
			);
			path = WeiboProfile;
			sourceTree = "<group>";
		};
/* End PBXGroup section */

/* Begin PBXNativeTarget section */
		EE5C1BE11E7BE8CE00598618 /* WeiboProfile */ = {
			isa = PBXNativeTarget;
			buildConfigurationList = EE5C1BF41E7BE8CE00598618 /* Build configuration list for PBXNativeTarget "WeiboProfile" */;
			buildPhases = (
				EE5C1BDE1E7BE8CE00598618 /* Sources */,
				EE5C1BDF1E7BE8CE00598618 /* Frameworks */,
				EE5C1BE01E7BE8CE00598618 /* Resources */,
			);
			buildRules = (
			);
			dependencies = (
			);
			name = WeiboProfile;
			productName = WeiboProfile;
			productReference = EE5C1BE21E7BE8CE00598618 /* WeiboProfile.app */;
			productType = "com.apple.product-type.application";
		};
/* End PBXNativeTarget section */

/* Begin PBXProject section */
		EE5C1BDA1E7BE8CE00598618 /* Project object */ = {
			isa = PBXProject;
			attributes = {
				LastSwiftUpdateCheck = 0820;
				LastUpgradeCheck = 0820;
				ORGANIZATIONNAME = "忆思梦";
				TargetAttributes = {
					EE5C1BE11E7BE8CE00598618 = {
						CreatedOnToolsVersion = 8.2.1;
						ProvisioningStyle = Automatic;
					};
				};
			};
			buildConfigurationList = EE5C1BDD1E7BE8CE00598618 /* Build configuration list for PBXProject "WeiboProfile" */;
			compatibilityVersion = "Xcode 3.2";
			developmentRegion = English;
			hasScannedForEncodings = 0;
			knownRegions = (
				en,
				Base,
			);
			mainGroup = EE5C1BD91E7BE8CE00598618;
			productRefGroup = EE5C1BE31E7BE8CE00598618 /* Products */;
			projectDirPath = "";
			projectRoot = "";
			targets = (
				EE5C1BE11E7BE8CE00598618 /* WeiboProfile */,
			);
		};
/* End PBXProject section */

/* Begin PBXResourcesBuildPhase section */
		EE5C1BE01E7BE8CE00598618 /* Resources */ = {
			isa = PBXResourcesBuildPhase;
			buildActionMask = 2147483647;
			files = (
				EE5C1BF01E7BE8CE00598618 /* LaunchScreen.storyboard in Resources */,
				EE5C1BED1E7BE8CE00598618 /* Assets.xcassets in Resources */,
				EE5C1BEB1E7BE8CE00598618 /* Main.storyboard in Resources */,
			);
			runOnlyForDeploymentPostprocessing = 0;
		};
/* End PBXResourcesBuildPhase section */

/* Begin PBXSourcesBuildPhase section */
		EE5C1BDE1E7BE8CE00598618 /* Sources */ = {
			isa = PBXSourcesBuildPhase;
			buildActionMask = 2147483647;
			files = (
				EE5C1BE81E7BE8CE00598618 /* ViewController.swift in Sources */,
				EE5C1BE61E7BE8CE00598618 /* AppDelegate.swift in Sources */,
			);
			runOnlyForDeploymentPostprocessing = 0;
		};
/* End PBXSourcesBuildPhase section */

/* Begin PBXVariantGroup section */
		EE5C1BE91E7BE8CE00598618 /* Main.storyboard */ = {
			isa = PBXVariantGroup;
			children = (
				EE5C1BEA1E7BE8CE00598618 /* Base */,
			);
			name = Main.storyboard;
			sourceTree = "<group>";
		};
		EE5C1BEE1E7BE8CE00598618 /* LaunchScreen.storyboard */ = {
			isa = PBXVariantGroup;
			children = (
				EE5C1BEF1E7BE8CE00598618 /* Base */,
			);
			name = LaunchScreen.storyboard;
			sourceTree = "<group>";
		};
/* End PBXVariantGroup section */

/* Begin XCBuildConfiguration section */
		EE5C1BF21E7BE8CE00598618 /* Debug */ = {
			isa = XCBuildConfiguration;
			buildSettings = {
				ALWAYS_SEARCH_USER_PATHS = NO;
				CLANG_ANALYZER_NONNULL = YES;
				CLANG_CXX_LANGUAGE_STANDARD = "gnu++0x";
				CLANG_CXX_LIBRARY = "libc++";
				CLANG_ENABLE_MODULES = YES;
				CLANG_ENABLE_OBJC_ARC = YES;
				CLANG_WARN_BOOL_CONVERSION = YES;
				CLANG_WARN_CONSTANT_CONVERSION = YES;
				CLANG_WARN_DIRECT_OBJC_ISA_USAGE = YES_ERROR;
				CLANG_WARN_DOCUMENTATION_COMMENTS = YES;
				CLANG_WARN_EMPTY_BODY = YES;
				CLANG_WARN_ENUM_CONVERSION = YES;
				CLANG_WARN_INFINITE_RECURSION = YES;
				CLANG_WARN_INT_CONVERSION = YES;
				CLANG_WARN_OBJC_ROOT_CLASS = YES_ERROR;
				CLANG_WARN_SUSPICIOUS_MOVE = YES;
				CLANG_WARN_UNREACHABLE_CODE = YES;
				CLANG_WARN__DUPLICATE_METHOD_MATCH = YES;
				"CODE_SIGN_IDENTITY[sdk=iphoneos*]" = "iPhone Developer";
				COPY_PHASE_STRIP = NO;
				DEBUG_INFORMATION_FORMAT = dwarf;
				ENABLE_STRICT_OBJC_MSGSEND = YES;
				ENABLE_TESTABILITY = YES;
				GCC_C_LANGUAGE_STANDARD = gnu99;
				GCC_DYNAMIC_NO_PIC = NO;
				GCC_NO_COMMON_BLOCKS = YES;
				GCC_OPTIMIZATION_LEVEL = 0;
				GCC_PREPROCESSOR_DEFINITIONS = (
					"DEBUG=1",
					"$(inherited)",
				);
				GCC_WARN_64_TO_32_BIT_CONVERSION = YES;
				GCC_WARN_ABOUT_RETURN_TYPE = YES_ERROR;
				GCC_WARN_UNDECLARED_SELECTOR = YES;
				GCC_WARN_UNINITIALIZED_AUTOS = YES_AGGRESSIVE;
				GCC_WARN_UNUSED_FUNCTION = YES;
				GCC_WARN_UNUSED_VARIABLE = YES;
				IPHONEOS_DEPLOYMENT_TARGET = 10.2;
				MTL_ENABLE_DEBUG_INFO = YES;
				ONLY_ACTIVE_ARCH = YES;
				SDKROOT = iphoneos;
				SWIFT_ACTIVE_COMPILATION_CONDITIONS = DEBUG;
				SWIFT_OPTIMIZATION_LEVEL = "-Onone";
			};
			name = Debug;
		};
		EE5C1BF31E7BE8CE00598618 /* Release */ = {
			isa = XCBuildConfiguration;
			buildSettings = {
				ALWAYS_SEARCH_USER_PATHS = NO;
				CLANG_ANALYZER_NONNULL = YES;
				CLANG_CXX_LANGUAGE_STANDARD = "gnu++0x";
				CLANG_CXX_LIBRARY = "libc++";
				CLANG_ENABLE_MODULES = YES;
				CLANG_ENABLE_OBJC_ARC = YES;
				CLANG_WARN_BOOL_CONVERSION = YES;
				CLANG_WARN_CONSTANT_CONVERSION = YES;
				CLANG_WARN_DIRECT_OBJC_ISA_USAGE = YES_ERROR;
				CLANG_WARN_DOCUMENTATION_COMMENTS = YES;
				CLANG_WARN_EMPTY_BODY = YES;
				CLANG_WARN_ENUM_CONVERSION = YES;
				CLANG_WARN_INFINITE_RECURSION = YES;
				CLANG_WARN_INT_CONVERSION = YES;
				CLANG_WARN_OBJC_ROOT_CLASS = YES_ERROR;
				CLANG_WARN_SUSPICIOUS_MOVE = YES;
				CLANG_WARN_UNREACHABLE_CODE = YES;
				CLANG_WARN__DUPLICATE_METHOD_MATCH = YES;
				"CODE_SIGN_IDENTITY[sdk=iphoneos*]" = "iPhone Developer";
				COPY_PHASE_STRIP = NO;
				DEBUG_INFORMATION_FORMAT = "dwarf-with-dsym";
				ENABLE_NS_ASSERTIONS = NO;
				ENABLE_STRICT_OBJC_MSGSEND = YES;
				GCC_C_LANGUAGE_STANDARD = gnu99;
				GCC_NO_COMMON_BLOCKS = YES;
				GCC_WARN_64_TO_32_BIT_CONVERSION = YES;
				GCC_WARN_ABOUT_RETURN_TYPE = YES_ERROR;
				GCC_WARN_UNDECLARED_SELECTOR = YES;
				GCC_WARN_UNINITIALIZED_AUTOS = YES_AGGRESSIVE;
				GCC_WARN_UNUSED_FUNCTION = YES;
				GCC_WARN_UNUSED_VARIABLE = YES;
				IPHONEOS_DEPLOYMENT_TARGET = 10.2;
				MTL_ENABLE_DEBUG_INFO = NO;
				SDKROOT = iphoneos;
				SWIFT_OPTIMIZATION_LEVEL = "-Owholemodule";
				VALIDATE_PRODUCT = YES;
			};
			name = Release;
		};
		EE5C1BF51E7BE8CE00598618 /* Debug */ = {
			isa = XCBuildConfiguration;
			buildSettings = {
				ASSETCATALOG_COMPILER_APPICON_NAME = AppIcon;
				INFOPLIST_FILE = WeiboProfile/Info.plist;
				LD_RUNPATH_SEARCH_PATHS = "$(inherited) @executable_path/Frameworks";
				PRODUCT_BUNDLE_IDENTIFIER = simeng.WeiboProfile;
				PRODUCT_NAME = "$(TARGET_NAME)";
				SWIFT_VERSION = 3.0;
			};
			name = Debug;
		};
		EE5C1BF61E7BE8CE00598618 /* Release */ = {
			isa = XCBuildConfiguration;
			buildSettings = {
				ASSETCATALOG_COMPILER_APPICON_NAME = AppIcon;
				INFOPLIST_FILE = WeiboProfile/Info.plist;
				LD_RUNPATH_SEARCH_PATHS = "$(inherited) @executable_path/Frameworks";
				PRODUCT_BUNDLE_IDENTIFIER = simeng.WeiboProfile;
				PRODUCT_NAME = "$(TARGET_NAME)";
				SWIFT_VERSION = 3.0;
			};
			name = Release;
		};
/* End XCBuildConfiguration section */

/* Begin XCConfigurationList section */
		EE5C1BDD1E7BE8CE00598618 /* Build configuration list for PBXProject "WeiboProfile" */ = {
			isa = XCConfigurationList;
			buildConfigurations = (
				EE5C1BF21E7BE8CE00598618 /* Debug */,
				EE5C1BF31E7BE8CE00598618 /* Release */,
			);
			defaultConfigurationIsVisible = 0;
			defaultConfigurationName = Release;
		};
		EE5C1BF41E7BE8CE00598618 /* Build configuration list for PBXNativeTarget "WeiboProfile" */ = {
			isa = XCConfigurationList;
			buildConfigurations = (
				EE5C1BF51E7BE8CE00598618 /* Debug */,
				EE5C1BF61E7BE8CE00598618 /* Release */,
			);
			defaultConfigurationIsVisible = 0;
		};
/* End XCConfigurationList section */
	};
	rootObject = EE5C1BDA1E7BE8CE00598618 /* Project object */;
}
